
Microsoft Visual Studio Solution File, Format Version 12.00
# Visual Studio Version 16
VisualStudioVersion = 16.0.32929.386
MinimumVisualStudioVersion = 10.0.40219.1
Project("{9A19103F-16F7-4668-BE54-9A1E7A4F7556}") = "Metodlar", "CSharpDeneme\Metodlar.csproj", "{33E5D9E4-AC9F-4AB8-B6FE-68223B54B8BE}"
EndProject
Project("{FAE04EC0-301F-11D3-BF4B-00C04F79EFBC}") = "DegerVeReferansTipler", "DegerVeReferansTipler\DegerVeReferansTipler.csproj", "{F2D8BF09-5238-444A-B46D-CB39E734DEBE}"
EndProject
Global
	GlobalSection(SolutionConfigurationPlatforms) = preSolution
		Debug|Any CPU = Debug|Any CPU
		Release|Any CPU = Release|Any CPU
	EndGlobalSection
	GlobalSection(ProjectConfigurationPlatforms) = postSolution
		{33E5D9E4-AC9F-4AB8-B6FE-68223B54B8BE}.Debug|Any CPU.ActiveCfg = Debug|Any CPU
		{33E5D9E4-AC9F-4AB8-B6FE-68223B54B8BE}.Debug|Any CPU.Build.0 = Debug|Any CPU
		{33E5D9E4-AC9F-4AB8-B6FE-68223B54B8BE}.Release|Any CPU.ActiveCfg = Release|Any CPU
		{33E5D9E4-AC9F-4AB8-B6FE-68223B54B8BE}.Release|Any CPU.Build.0 = Release|Any CPU
		{F2D8BF09-5238-444A-B46D-CB39E734DEBE}.Debug|Any CPU.ActiveCfg = Debug|Any CPU
		{F2D8BF09-5238-444A-B46D-CB39E734DEBE}.Debug|Any CPU.Build.0 = Debug|Any CPU
		{F2D8BF09-5238-444A-B46D-CB39E734DEBE}.Release|Any CPU.ActiveCfg = Release|Any CPU
		{F2D8BF09-5238-444A-B46D-CB39E734DEBE}.Release|Any CPU.Build.0 = Release|Any CPU
	EndGlobalSection
	GlobalSection(SolutionProperties) = preSolution
		HideSolutionNode = FALSE
	EndGlobalSection
	GlobalSection(ExtensibilityGlobals) = postSolution
		SolutionGuid = {BD6691B9-9935-4A49-9541-4C73D18285B2}
	EndGlobalSection
EndGlobal
