
Microsoft Visual Studio Solution File, Format Version 12.00
# Visual Studio Version 16
VisualStudioVersion = 16.0.32929.386
MinimumVisualStudioVersion = 10.0.40219.1
Project("{9A19103F-16F7-4668-BE54-9A1E7A4F7556}") = "Metodlar", "CSharpDeneme\Metodlar.csproj", "{33E5D9E4-AC9F-4AB8-B6FE-68223B54B8BE}"
EndProject
Project("{9A19103F-16F7-4668-BE54-9A1E7A4F7556}") = "DegerVeReferansTipler", "DegerVeReferansTipler\DegerVeReferansTipler.csproj", "{F2D8BF09-5238-444A-B46D-CB39E734DEBE}"
EndProject
Project("{9A19103F-16F7-4668-BE54-9A1E7A4F7556}") = "ClassMetodDemo", "ClassMetodDemo\ClassMetodDemo.csproj", "{B0F053B4-3A90-48B2-86A2-55C40DBCA712}"
EndProject
Project("{9A19103F-16F7-4668-BE54-9A1E7A4F7556}") = "OOP1", "OOP1\OOP1.csproj", "{00DC3875-B573-4DD7-A3DE-8B2AFBE1F859}"
EndProject
Project("{9A19103F-16F7-4668-BE54-9A1E7A4F7556}") = "Collections", "Collections\Collections.csproj", "{4C61D88B-D7D0-4D52-9946-E3120998434A}"
EndProject
Project("{9A19103F-16F7-4668-BE54-9A1E7A4F7556}") = "GenericIntro", "GenericIntro\GenericIntro.csproj", "{C79AEEB8-E73C-4C70-B0F1-F2DF90AF7CDA}"
EndProject
Project("{FAE04EC0-301F-11D3-BF4B-00C04F79EFBC}") = "OOP2", "OOP2\OOP2.csproj", "{D6EFB25D-AF8B-4235-B397-436E94BD0F65}"
EndProject
Project("{FAE04EC0-301F-11D3-BF4B-00C04F79EFBC}") = "OOP3", "OOP3\OOP3.csproj", "{47F50479-429A-4C44-9B60-F28D0E25820C}"
EndProject
Global
	GlobalSection(SolutionConfigurationPlatforms) = preSolution
		Debug|Any CPU = Debug|Any CPU
		Release|Any CPU = Release|Any CPU
	EndGlobalSection
	GlobalSection(ProjectConfigurationPlatforms) = postSolution
		{33E5D9E4-AC9F-4AB8-B6FE-68223B54B8BE}.Debug|Any CPU.ActiveCfg = Debug|Any CPU
		{33E5D9E4-AC9F-4AB8-B6FE-68223B54B8BE}.Debug|Any CPU.Build.0 = Debug|Any CPU
		{33E5D9E4-AC9F-4AB8-B6FE-68223B54B8BE}.Release|Any CPU.ActiveCfg = Release|Any CPU
		{33E5D9E4-AC9F-4AB8-B6FE-68223B54B8BE}.Release|Any CPU.Build.0 = Release|Any CPU
		{F2D8BF09-5238-444A-B46D-CB39E734DEBE}.Debug|Any CPU.ActiveCfg = Debug|Any CPU
		{F2D8BF09-5238-444A-B46D-CB39E734DEBE}.Debug|Any CPU.Build.0 = Debug|Any CPU
		{F2D8BF09-5238-444A-B46D-CB39E734DEBE}.Release|Any CPU.ActiveCfg = Release|Any CPU
		{F2D8BF09-5238-444A-B46D-CB39E734DEBE}.Release|Any CPU.Build.0 = Release|Any CPU
		{B0F053B4-3A90-48B2-86A2-55C40DBCA712}.Debug|Any CPU.ActiveCfg = Debug|Any CPU
		{B0F053B4-3A90-48B2-86A2-55C40DBCA712}.Debug|Any CPU.Build.0 = Debug|Any CPU
		{B0F053B4-3A90-48B2-86A2-55C40DBCA712}.Release|Any CPU.ActiveCfg = Release|Any CPU
		{B0F053B4-3A90-48B2-86A2-55C40DBCA712}.Release|Any CPU.Build.0 = Release|Any CPU
		{00DC3875-B573-4DD7-A3DE-8B2AFBE1F859}.Debug|Any CPU.ActiveCfg = Debug|Any CPU
		{00DC3875-B573-4DD7-A3DE-8B2AFBE1F859}.Debug|Any CPU.Build.0 = Debug|Any CPU
		{00DC3875-B573-4DD7-A3DE-8B2AFBE1F859}.Release|Any CPU.ActiveCfg = Release|Any CPU
		{00DC3875-B573-4DD7-A3DE-8B2AFBE1F859}.Release|Any CPU.Build.0 = Release|Any CPU
		{4C61D88B-D7D0-4D52-9946-E3120998434A}.Debug|Any CPU.ActiveCfg = Debug|Any CPU
		{4C61D88B-D7D0-4D52-9946-E3120998434A}.Debug|Any CPU.Build.0 = Debug|Any CPU
		{4C61D88B-D7D0-4D52-9946-E3120998434A}.Release|Any CPU.ActiveCfg = Release|Any CPU
		{4C61D88B-D7D0-4D52-9946-E3120998434A}.Release|Any CPU.Build.0 = Release|Any CPU
		{C79AEEB8-E73C-4C70-B0F1-F2DF90AF7CDA}.Debug|Any CPU.ActiveCfg = Debug|Any CPU
		{C79AEEB8-E73C-4C70-B0F1-F2DF90AF7CDA}.Debug|Any CPU.Build.0 = Debug|Any CPU
		{C79AEEB8-E73C-4C70-B0F1-F2DF90AF7CDA}.Release|Any CPU.ActiveCfg = Release|Any CPU
		{C79AEEB8-E73C-4C70-B0F1-F2DF90AF7CDA}.Release|Any CPU.Build.0 = Release|Any CPU
		{D6EFB25D-AF8B-4235-B397-436E94BD0F65}.Debug|Any CPU.ActiveCfg = Debug|Any CPU
		{D6EFB25D-AF8B-4235-B397-436E94BD0F65}.Debug|Any CPU.Build.0 = Debug|Any CPU
		{D6EFB25D-AF8B-4235-B397-436E94BD0F65}.Release|Any CPU.ActiveCfg = Release|Any CPU
		{D6EFB25D-AF8B-4235-B397-436E94BD0F65}.Release|Any CPU.Build.0 = Release|Any CPU
		{47F50479-429A-4C44-9B60-F28D0E25820C}.Debug|Any CPU.ActiveCfg = Debug|Any CPU
		{47F50479-429A-4C44-9B60-F28D0E25820C}.Debug|Any CPU.Build.0 = Debug|Any CPU
		{47F50479-429A-4C44-9B60-F28D0E25820C}.Release|Any CPU.ActiveCfg = Release|Any CPU
		{47F50479-429A-4C44-9B60-F28D0E25820C}.Release|Any CPU.Build.0 = Release|Any CPU
	EndGlobalSection
	GlobalSection(SolutionProperties) = preSolution
		HideSolutionNode = FALSE
	EndGlobalSection
	GlobalSection(ExtensibilityGlobals) = postSolution
		SolutionGuid = {BD6691B9-9935-4A49-9541-4C73D18285B2}
	EndGlobalSection
EndGlobal
